
Microsoft Visual Studio Solution File, Format Version 12.00
# Visual Studio Version 17
VisualStudioVersion = 17.14.36202.13 d17.14
MinimumVisualStudioVersion = 10.0.40219.1
Project("{F184B08F-C81C-45F6-A57F-5ABD9991F28F}") = "RdpAuto2", "RdpAuto2\RdpAuto2.vbproj", "{40F4632C-AB76-499A-B7FC-A8F6FA0219CF}"
EndProject
Global
	GlobalSection(SolutionConfigurationPlatforms) = preSolution
		Debug|Any CPU = Debug|Any CPU
		Release|Any CPU = Release|Any CPU
	EndGlobalSection
	GlobalSection(ProjectConfigurationPlatforms) = postSolution
		{40F4632C-AB76-499A-B7FC-A8F6FA0219CF}.Debug|Any CPU.ActiveCfg = Debug|Any CPU
		{40F4632C-AB76-499A-B7FC-A8F6FA0219CF}.Debug|Any CPU.Build.0 = Debug|Any CPU
		{40F4632C-AB76-499A-B7FC-A8F6FA0219CF}.Release|Any CPU.ActiveCfg = Release|Any CPU
		{40F4632C-AB76-499A-B7FC-A8F6FA0219CF}.Release|Any CPU.Build.0 = Release|Any CPU
	EndGlobalSection
	GlobalSection(SolutionProperties) = preSolution
		HideSolutionNode = FALSE
	EndGlobalSection
	GlobalSection(ExtensibilityGlobals) = postSolution
		SolutionGuid = {627C29B8-4C37-4323-A316-5C67E9108EB6}
	EndGlobalSection
EndGlobal
